
Microsoft Visual Studio Solution File, Format Version 12.00
# Visual Studio 2013
VisualStudioVersion = 12.0.21005.1
MinimumVisualStudioVersion = 10.0.40219.1
Project("{FAE04EC0-301F-11D3-BF4B-00C04F79EFBC}") = "RealEstate", "RealEstate\RealEstate.csproj", "{1EB057E8-8E47-4EC9-B75A-1FDDB41BE316}"
EndProject
Project("{FAE04EC0-301F-11D3-BF4B-00C04F79EFBC}") = "RealEstate.Tests", "RealEstate.Tests\RealEstate.Tests.csproj", "{C6958592-79D8-42F2-99B5-0126E4777B77}"
EndProject
Global
	GlobalSection(SolutionConfigurationPlatforms) = preSolution
		Debug|Any CPU = Debug|Any CPU
		Release|Any CPU = Release|Any CPU
	EndGlobalSection
	GlobalSection(ProjectConfigurationPlatforms) = postSolution
		{1EB057E8-8E47-4EC9-B75A-1FDDB41BE316}.Debug|Any CPU.ActiveCfg = Debug|Any CPU
		{1EB057E8-8E47-4EC9-B75A-1FDDB41BE316}.Debug|Any CPU.Build.0 = Debug|Any CPU
		{1EB057E8-8E47-4EC9-B75A-1FDDB41BE316}.Release|Any CPU.ActiveCfg = Release|Any CPU
		{1EB057E8-8E47-4EC9-B75A-1FDDB41BE316}.Release|Any CPU.Build.0 = Release|Any CPU
		{C6958592-79D8-42F2-99B5-0126E4777B77}.Debug|Any CPU.ActiveCfg = Debug|Any CPU
		{C6958592-79D8-42F2-99B5-0126E4777B77}.Debug|Any CPU.Build.0 = Debug|Any CPU
		{C6958592-79D8-42F2-99B5-0126E4777B77}.Release|Any CPU.ActiveCfg = Release|Any CPU
		{C6958592-79D8-42F2-99B5-0126E4777B77}.Release|Any CPU.Build.0 = Release|Any CPU
	EndGlobalSection
	GlobalSection(SolutionProperties) = preSolution
		HideSolutionNode = FALSE
	EndGlobalSection
EndGlobal
